
Microsoft Visual Studio Solution File, Format Version 12.00
Project("{FAE04EC0-301F-11D3-BF4B-00C04F79EFBC}") = "Andreal.Core", "Andreal.Core\Andreal.Core.csproj", "{7BB7AA90-ADFF-407B-8FED-02EE49A23279}"
EndProject
Project("{FAE04EC0-301F-11D3-BF4B-00C04F79EFBC}") = "Andreal.Window", "Andreal.Window\Andreal.Window.csproj", "{4D2908B1-D724-43E3-986A-3B1EA6325317}"
EndProject
Project("{FAE04EC0-301F-11D3-BF4B-00C04F79EFBC}") = "Konata.Core", "..\Konata.Core\Konata.Core\Konata.Core.csproj", "{3FAE53BD-304E-4A73-96A2-99B6D6635445}"
EndProject
Global
	GlobalSection(SolutionConfigurationPlatforms) = preSolution
		Debug|Any CPU = Debug|Any CPU
		Release|Any CPU = Release|Any CPU
	EndGlobalSection
	GlobalSection(ProjectConfigurationPlatforms) = postSolution
		{7BB7AA90-ADFF-407B-8FED-02EE49A23279}.Debug|Any CPU.ActiveCfg = Debug|Any CPU
		{7BB7AA90-ADFF-407B-8FED-02EE49A23279}.Debug|Any CPU.Build.0 = Debug|Any CPU
		{7BB7AA90-ADFF-407B-8FED-02EE49A23279}.Release|Any CPU.ActiveCfg = Release|Any CPU
		{7BB7AA90-ADFF-407B-8FED-02EE49A23279}.Release|Any CPU.Build.0 = Release|Any CPU
		{4D2908B1-D724-43E3-986A-3B1EA6325317}.Debug|Any CPU.ActiveCfg = Debug|Any CPU
		{4D2908B1-D724-43E3-986A-3B1EA6325317}.Debug|Any CPU.Build.0 = Debug|Any CPU
		{4D2908B1-D724-43E3-986A-3B1EA6325317}.Release|Any CPU.ActiveCfg = Release|Any CPU
		{4D2908B1-D724-43E3-986A-3B1EA6325317}.Release|Any CPU.Build.0 = Release|Any CPU
		{3FAE53BD-304E-4A73-96A2-99B6D6635445}.Debug|Any CPU.ActiveCfg = Debug|Any CPU
		{3FAE53BD-304E-4A73-96A2-99B6D6635445}.Debug|Any CPU.Build.0 = Debug|Any CPU
		{3FAE53BD-304E-4A73-96A2-99B6D6635445}.Release|Any CPU.ActiveCfg = Release|Any CPU
		{3FAE53BD-304E-4A73-96A2-99B6D6635445}.Release|Any CPU.Build.0 = Release|Any CPU
	EndGlobalSection
EndGlobal
